
Microsoft Visual Studio Solution File, Format Version 11.00
# Visual Studio 2010
Project("{8BC9CEB8-8B4A-11D0-8D11-00A0C91BC942}") = "LuaUnicode", "LuaUnicode.vcxproj", "{A4C9C6F3-31F0-4CF1-9F4E-DF4E5EDAEA27}"
EndProject
Global
	GlobalSection(SolutionConfigurationPlatforms) = preSolution
		Debug|Win32 = Debug|Win32
		Release|Win32 = Release|Win32
	EndGlobalSection
	GlobalSection(ProjectConfigurationPlatforms) = postSolution
		{A4C9C6F3-31F0-4CF1-9F4E-DF4E5EDAEA27}.Debug|Win32.ActiveCfg = Debug|Win32
		{A4C9C6F3-31F0-4CF1-9F4E-DF4E5EDAEA27}.Debug|Win32.Build.0 = Debug|Win32
		{A4C9C6F3-31F0-4CF1-9F4E-DF4E5EDAEA27}.Release|Win32.ActiveCfg = Release|Win32
		{A4C9C6F3-31F0-4CF1-9F4E-DF4E5EDAEA27}.Release|Win32.Build.0 = Release|Win32
	EndGlobalSection
	GlobalSection(SolutionProperties) = preSolution
		HideSolutionNode = FALSE
	EndGlobalSection
EndGlobal
