<?xml version="1.0" encoding="utf-8"?>
<Project ToolsVersion="4.0" xmlns="http://schemas.microsoft.com/developer/msbuild/2003">
  <ItemGroup>
    <Filter Include="源文件">
      <UniqueIdentifier>{4FC737F1-C7A5-4376-A066-2A32D752A2FF}</UniqueIdentifier>
      <Extensions>cpp;c;cc;cxx;def;odl;idl;hpj;bat;asm;asmx</Extensions>
    </Filter>
    <Filter Include="头文件">
      <UniqueIdentifier>{93995380-89BD-4b04-88EB-625FBE52EBFB}</UniqueIdentifier>
      <Extensions>h;hpp;hxx;hm;inl;inc;xsd</Extensions>
    </Filter>
    <Filter Include="资源文件">
      <UniqueIdentifier>{67DA6AB6-F800-4c08-8B7A-83BB121AAD01}</UniqueIdentifier>
      <Extensions>rc;ico;cur;bmp;dlg;rc2;rct;bin;rgs;gif;jpg;jpeg;jpe;resx;tiff;tif;png;wav;mfcribbon-ms</Extensions>
    </Filter>
    <Filter Include="include">
      <UniqueIdentifier>{9e488910-a237-434a-bfff-0bea81e96352}</UniqueIdentifier>
    </Filter>
    <Filter Include="include\luautil">
      <UniqueIdentifier>{79a37387-3e89-48c6-8ce8-e7ecdb2e393f}</UniqueIdentifier>
    </Filter>
    <Filter Include="include\sys">
      <UniqueIdentifier>{3987b2d3-d455-491f-b3f6-ac7f410bfba3}</UniqueIdentifier>
    </Filter>
  </ItemGroup>
  <ItemGroup>
    <ClCompile Include="dllmain.cpp">
      <Filter>源文件</Filter>
    </ClCompile>
    <ClCompile Include="luaobject.cpp">
      <Filter>源文件</Filter>
    </ClCompile>
    <ClCompile Include="amstorelib.cpp">
      <Filter>源文件</Filter>
    </ClCompile>
    <ClCompile Include="unitdata.cpp">
      <Filter>源文件</Filter>
    </ClCompile>
    <ClCompile Include="loger.cpp">
      <Filter>源文件</Filter>
    </ClCompile>
    <ClCompile Include="..\include\sys\sync.cpp">
      <Filter>include\sys</Filter>
    </ClCompile>
  </ItemGroup>
  <ItemGroup>
    <ClInclude Include="luaobject.h">
      <Filter>头文件</Filter>
    </ClInclude>
    <ClInclude Include="..\include\luautil\luna.h">
      <Filter>include\luautil</Filter>
    </ClInclude>
    <ClInclude Include="..\include\luautil\luautil.h">
      <Filter>include\luautil</Filter>
    </ClInclude>
    <ClInclude Include="unitdata.h">
      <Filter>头文件</Filter>
    </ClInclude>
    <ClInclude Include="config.h">
      <Filter>头文件</Filter>
    </ClInclude>
    <ClInclude Include="loger.h">
      <Filter>头文件</Filter>
    </ClInclude>
    <ClInclude Include="..\include\sys\sync.h">
      <Filter>include\sys</Filter>
    </ClInclude>
    <ClInclude Include="..\include\sys\sysdef.h">
      <Filter>include\sys</Filter>
    </ClInclude>
    <ClInclude Include="..\include\sys\tchar.h">
      <Filter>include\sys</Filter>
    </ClInclude>
    <ClInclude Include="..\include\sys\types.h">
      <Filter>include\sys</Filter>
    </ClInclude>
    <ClInclude Include="typedef.h">
      <Filter>头文件</Filter>
    </ClInclude>
    <ClInclude Include="luacode.h">
      <Filter>头文件</Filter>
    </ClInclude>
  </ItemGroup>
</Project>