
Microsoft Visual Studio Solution File, Format Version 11.00
# Visual Studio 2010
Project("{8BC9CEB8-8B4A-11D0-8D11-00A0C91BC942}") = "Timer_VS2010", "Timer_VS2010.vcxproj", "{4FF1C2BB-DFB6-435A-A1D8-1524E681D87E}"
EndProject
Project("{8BC9CEB8-8B4A-11D0-8D11-00A0C91BC942}") = "TimerLib", "..\TimerLib\TimerLib.vcxproj", "{77B62ED0-1DBE-4B36-A2A2-A14E7C54BD9C}"
EndProject
Global
	GlobalSection(SolutionConfigurationPlatforms) = preSolution
		Debug|Win32 = Debug|Win32
		Release|Win32 = Release|Win32
	EndGlobalSection
	GlobalSection(ProjectConfigurationPlatforms) = postSolution
		{4FF1C2BB-DFB6-435A-A1D8-1524E681D87E}.Debug|Win32.ActiveCfg = Debug|Win32
		{4FF1C2BB-DFB6-435A-A1D8-1524E681D87E}.Debug|Win32.Build.0 = Debug|Win32
		{4FF1C2BB-DFB6-435A-A1D8-1524E681D87E}.Release|Win32.ActiveCfg = Release|Win32
		{4FF1C2BB-DFB6-435A-A1D8-1524E681D87E}.Release|Win32.Build.0 = Release|Win32
		{77B62ED0-1DBE-4B36-A2A2-A14E7C54BD9C}.Debug|Win32.ActiveCfg = Debug|Win32
		{77B62ED0-1DBE-4B36-A2A2-A14E7C54BD9C}.Debug|Win32.Build.0 = Debug|Win32
		{77B62ED0-1DBE-4B36-A2A2-A14E7C54BD9C}.Release|Win32.ActiveCfg = Release|Win32
		{77B62ED0-1DBE-4B36-A2A2-A14E7C54BD9C}.Release|Win32.Build.0 = Release|Win32
	EndGlobalSection
	GlobalSection(SolutionProperties) = preSolution
		HideSolutionNode = FALSE
	EndGlobalSection
EndGlobal
