
Microsoft Visual Studio Solution File, Format Version 11.00
# Visual Studio 2010
Project("{8BC9CEB8-8B4A-11D0-8D11-00A0C91BC942}") = "AsyncAdnLock", "AsyncAdnLock.vcxproj", "{02823EBC-8C64-4890-A14F-EEA2CC5011F2}"
EndProject
Global
	GlobalSection(SolutionConfigurationPlatforms) = preSolution
		Debug|Win32 = Debug|Win32
		Release|Win32 = Release|Win32
	EndGlobalSection
	GlobalSection(ProjectConfigurationPlatforms) = postSolution
		{02823EBC-8C64-4890-A14F-EEA2CC5011F2}.Debug|Win32.ActiveCfg = Debug|Win32
		{02823EBC-8C64-4890-A14F-EEA2CC5011F2}.Debug|Win32.Build.0 = Debug|Win32
		{02823EBC-8C64-4890-A14F-EEA2CC5011F2}.Release|Win32.ActiveCfg = Release|Win32
		{02823EBC-8C64-4890-A14F-EEA2CC5011F2}.Release|Win32.Build.0 = Release|Win32
	EndGlobalSection
	GlobalSection(SolutionProperties) = preSolution
		HideSolutionNode = FALSE
	EndGlobalSection
EndGlobal
